
Microsoft Visual Studio Solution File, Format Version 12.00
# Visual Studio 15
VisualStudioVersion = 15.0.27428.2011
MinimumVisualStudioVersion = 10.0.40219.1
Project("{8BC9CEB8-8B4A-11D0-8D11-00A0C91BC942}") = "HelloWorld2", "HelloWorld2\HelloWorld2.vcxproj", "{0F3F0AA3-9058-431A-8644-52950477332A}"
EndProject
Project("{8BC9CEB8-8B4A-11D0-8D11-00A0C91BC942}") = "HelloWorldWin02", "HelloWorldWin02\HelloWorldWin02.vcxproj", "{1F920CAB-B0DA-4023-BA87-6746C119FD34}"
EndProject
Project("{2150E333-8FDC-42A3-9474-1A3956D46DE8}") = "Div", "Div", "{6D4900BE-CE9B-490E-99F4-3C512F2BEE75}"
EndProject
Project("{2150E333-8FDC-42A3-9474-1A3956D46DE8}") = "Graphics Programming", "Graphics Programming", "{94A37CC9-FEBD-41DC-9A04-E5940B896B62}"
EndProject
Project("{2150E333-8FDC-42A3-9474-1A3956D46DE8}") = "Notes", "Notes", "{9F689C33-7097-4DC1-8BDA-4EA12849588C}"
	ProjectSection(SolutionItems) = preProject
		D:\Users\Harald\OneDrive\Documents\Visual Studio 2017\Projects\GameInstitute\DirectXSetup.txt = D:\Users\Harald\OneDrive\Documents\Visual Studio 2017\Projects\GameInstitute\DirectXSetup.txt
		D:\Users\Harald\OneDrive\Documents\Visual Studio 2017\Projects\GameInstitute\Functions.txt = D:\Users\Harald\OneDrive\Documents\Visual Studio 2017\Projects\GameInstitute\Functions.txt
		D:\Users\Harald\OneDrive\Documents\Visual Studio 2017\Projects\GameInstitute\Matrix.txt = D:\Users\Harald\OneDrive\Documents\Visual Studio 2017\Projects\GameInstitute\Matrix.txt
		D:\Users\Harald\OneDrive\Documents\Visual Studio 2017\Projects\GameInstitute\Notats.txt = D:\Users\Harald\OneDrive\Documents\Visual Studio 2017\Projects\GameInstitute\Notats.txt
		D:\Users\Harald\OneDrive\Documents\Visual Studio 2017\Projects\GameInstitute\Sets.txt = D:\Users\Harald\OneDrive\Documents\Visual Studio 2017\Projects\GameInstitute\Sets.txt
		D:\Users\Harald\OneDrive\Documents\Visual Studio 2017\Projects\GameInstitute\Useful tips to take with me.txt = D:\Users\Harald\OneDrive\Documents\Visual Studio 2017\Projects\GameInstitute\Useful tips to take with me.txt
		D:\Users\Harald\OneDrive\Documents\Visual Studio 2017\Projects\GameInstitute\Vector.txt = D:\Users\Harald\OneDrive\Documents\Visual Studio 2017\Projects\GameInstitute\Vector.txt
	EndProjectSection
EndProject
Project("{8BC9CEB8-8B4A-11D0-8D11-00A0C91BC942}") = "GP01", "GP01\GP01.vcxproj", "{667F4C74-E987-4775-B5AC-BD615E0E4695}"
EndProject
Project("{2150E333-8FDC-42A3-9474-1A3956D46DE8}") = "C++", "C++", "{F31537EC-9535-4140-B7B6-452051CE209A}"
EndProject
Project("{8BC9CEB8-8B4A-11D0-8D11-00A0C91BC942}") = "1.6.1 Arithmetic Operators", "1.6.1 Arithmetic Operators\1.6.1 Arithmetic Operators.vcxproj", "{8B802D06-5D44-4166-8529-1D724EE3F6FE}"
EndProject
Project("{8BC9CEB8-8B4A-11D0-8D11-00A0C91BC942}") = "1.6.3 Cube", "1.6.3 Cube\1.6.3 Cube.vcxproj", "{66D63F27-D5AE-4FEC-8C65-248212F54861}"
EndProject
Project("{8BC9CEB8-8B4A-11D0-8D11-00A0C91BC942}") = "1.6.4 Area_Circumference", "1.6.4 Area_Circumference\1.6.4 Area_Circumference.vcxproj", "{1A26B0DD-BC60-483B-B8AB-C26DC5EA1662}"
EndProject
Project("{8BC9CEB8-8B4A-11D0-8D11-00A0C91BC942}") = "1.6.5 Average", "1.6.5 Average\1.6.5 Average.vcxproj", "{7C9DB0D6-1F89-4B66-A036-01F820F5679F}"
EndProject
Project("{8BC9CEB8-8B4A-11D0-8D11-00A0C91BC942}") = "2.7.2 Navigator", "2.7.2 Navigator\2.7.2 Navigator.vcxproj", "{689364CB-7DB3-4621-B75C-CD561BC618CA}"
EndProject
Project("{8BC9CEB8-8B4A-11D0-8D11-00A0C91BC942}") = "2.7.3 Average", "Project12.7.3 Average\Project12.7.3 Average.vcxproj", "{282A795B-E5CB-490B-A662-B4FC450E2D88}"
EndProject
Project("{8BC9CEB8-8B4A-11D0-8D11-00A0C91BC942}") = "2.7.4 Factorial", "2.7.4 Factorial\2.7.4 Factorial.vcxproj", "{83A77C25-1E25-4243-A8BA-48FD606F2D9F}"
EndProject
Project("{8BC9CEB8-8B4A-11D0-8D11-00A0C91BC942}") = "2.7.5 Matrix Addition", "2.7.5 Matrix Addition\2.7.5 Matrix Addition.vcxproj", "{7A3B9753-6FB6-4517-8DD9-1E24DCAF8A37}"
EndProject
Project("{8BC9CEB8-8B4A-11D0-8D11-00A0C91BC942}") = "2.7.6 ASCII", "2.7.6 ASCII\2.7.6 ASCII.vcxproj", "{6CD7A72F-F764-4F23-AB68-2B0B97D61D78}"
EndProject
Project("{8BC9CEB8-8B4A-11D0-8D11-00A0C91BC942}") = "2.7.7 Linear Search", "2.7.7 Linear Search\2.7.7 Linear Search.vcxproj", "{45C7C7CF-3583-494C-A4F7-9FB1734C3F14}"
EndProject
Project("{8BC9CEB8-8B4A-11D0-8D11-00A0C91BC942}") = "2.7.8 Selection Sort", "2.7.8 Selection Sort\2.7.8 Selection Sort.vcxproj", "{8735C911-FB98-43C1-8041-70FED95DEF97}"
EndProject
Project("{8BC9CEB8-8B4A-11D0-8D11-00A0C91BC942}") = "3.7.1 Factorial", "3.7.1 Factorial\3.7.1 Factorial.vcxproj", "{7F32549A-E417-4968-ADB2-5E010A1FE1D8}"
EndProject
Project("{8BC9CEB8-8B4A-11D0-8D11-00A0C91BC942}") = "3.7.2 ToUpper; ToLower", "3.7.2 ToUpper; ToLower\3.7.2 ToUpper; ToLower.vcxproj", "{C52AC7AF-996B-4DFA-B159-B8A0CE3E1FEB}"
EndProject
Project("{8BC9CEB8-8B4A-11D0-8D11-00A0C91BC942}") = "3.7.3 3D Distance", "3.7.3 3D Distance\3.7.3 3D Distance.vcxproj", "{27622AF2-D57A-41A8-A7A9-06FAE8E5C97B}"
EndProject
Project("{8BC9CEB8-8B4A-11D0-8D11-00A0C91BC942}") = "3.7.6 Slot Machine", "3.7.6 Slot Machine\3.7.6 Slot Machine.vcxproj", "{2C72EA0B-23E1-495E-B038-3DE47B6BF5E7}"
EndProject
Project("{8BC9CEB8-8B4A-11D0-8D11-00A0C91BC942}") = "3.7.7 Binary Search", "3.7.7 Binary Search\3.7.7 Binary Search.vcxproj", "{6E51D035-8E24-40A3-97D7-B0DF217CA28C}"
EndProject
Project("{8BC9CEB8-8B4A-11D0-8D11-00A0C91BC942}") = "3.7.8 Bubble Sort", "3.7.8 Bubble Sort\3.7.8 Bubble Sort.vcxproj", "{89B5340B-041A-4E8E-8FF1-A18EB38804C6}"
EndProject
Project("{8BC9CEB8-8B4A-11D0-8D11-00A0C91BC942}") = "4.9.2 Dice Function", "4.9.2 Dice Function\4.9.2 Dice Function.vcxproj", "{1091115E-86EC-43C2-8D8E-4CA657A7C5A2}"
EndProject
Project("{8BC9CEB8-8B4A-11D0-8D11-00A0C91BC942}") = "4.5 Pointer arithmetic", "Program 4.5 Pointer arithmetic\Program 4.5 Pointer arithmetic.vcxproj", "{63A386A9-6BBC-451B-AD77-0AAE4E877094}"
EndProject
Project("{8BC9CEB8-8B4A-11D0-8D11-00A0C91BC942}") = "4.9.3 Array Fill", "4.9.3 Array Fill\4.9.3 Array Fill.vcxproj", "{3FCAD9B8-8DC5-4CC2-A0E1-948223DD94A9}"
EndProject
Project("{8BC9CEB8-8B4A-11D0-8D11-00A0C91BC942}") = "4.9.3 Array Fill Vector version", "4.9.3 Array Fill Vector version\4.9.3 Array Fill Vector version.vcxproj", "{67932AC4-567F-47B2-A8D3-80B5CB3B5524}"
EndProject
Project("{8BC9CEB8-8B4A-11D0-8D11-00A0C91BC942}") = "4.9.4 Quadratic Equation", "4.9.4 Quadratic Equation\4.9.4 Quadratic Equation.vcxproj", "{810BD99C-5D3C-4A71-9A84-F2FFBF04D203}"
EndProject
Project("{8BC9CEB8-8B4A-11D0-8D11-00A0C91BC942}") = "5.3 RPG Game", "5.3 RPG Game\5.3 RPG Game.vcxproj", "{2FC9A811-5765-453A-B934-C99005D8E2E5}"
EndProject
Project("{8BC9CEB8-8B4A-11D0-8D11-00A0C91BC942}") = "Cleanpad", "Cleanpad\Cleanpad.vcxproj", "{CD889AF3-C28B-48F9-9B57-598C904E4936}"
EndProject
Project("{8BC9CEB8-8B4A-11D0-8D11-00A0C91BC942}") = "3.7.4 Arc Tangent 2", "Project13.7.4 Arc Tangent 2\Project13.7.4 Arc Tangent 2.vcxproj", "{5566A02F-E309-4E21-B6A3-46A8A6924A9A}"
EndProject
Project("{8BC9CEB8-8B4A-11D0-8D11-00A0C91BC942}") = "6.10.1 String Reverse", "6.10.1 String Reverse\6.10.1 String Reverse.vcxproj", "{35C8ADD2-646F-4D58-AF26-551BE1F336B5}"
EndProject
Project("{8BC9CEB8-8B4A-11D0-8D11-00A0C91BC942}") = "6.10.2 To Upper", "6.10.2 To Upper\6.10.2 To Upper.vcxproj", "{D9786B87-EF21-4110-BF5A-BD1834759E64}"
EndProject
Project("{8BC9CEB8-8B4A-11D0-8D11-00A0C91BC942}") = "6.10.4 Palindrome", "6.10.4 Palindrome\6.10.4 Palindrome.vcxproj", "{CD961995-70DD-4A8E-B61F-51E3E951AECD}"
EndProject
Project("{8BC9CEB8-8B4A-11D0-8D11-00A0C91BC942}") = "Consepts", "Consepts\Consepts.vcxproj", "{DC2E859D-14CC-40BF-B2DC-DBB41424AEAC}"
EndProject
Project("{8BC9CEB8-8B4A-11D0-8D11-00A0C91BC942}") = "OpenGL First", "OpenGL First\OpenGL First.vcxproj", "{FCA5D4BD-CE7C-4002-8B61-2BACF76B27E6}"
EndProject
Project("{8BC9CEB8-8B4A-11D0-8D11-00A0C91BC942}") = "7.9.1 Fraction Class", "7.9.1 Fraction Class\7.9.1 Fraction Class.vcxproj", "{F326C54F-6D40-420A-9CCE-A59224D9DB9F}"
EndProject
Project("{8BC9CEB8-8B4A-11D0-8D11-00A0C91BC942}") = "7.9.2 Simple float Array Class", "7.9.2 Simple float Array Class\7.9.2 Simple float Array Class.vcxproj", "{E5929AB4-818E-4551-9596-6D7EEE24FAC0}"
EndProject
Project("{8BC9CEB8-8B4A-11D0-8D11-00A0C91BC942}") = "8.5.1 Line Count", "8.5.1 Line Count\8.5.1 Line Count.vcxproj", "{D7DF01CA-DC47-47A3-AC44-D9E383DCD701}"
EndProject
Project("{8BC9CEB8-8B4A-11D0-8D11-00A0C91BC942}") = "8.5.2 Rewrite", "8.5.2 Rewrite\8.5.2 Rewrite.vcxproj", "{8AC4295C-7B21-4AB1-B51B-E398936759ED}"
EndProject
Project("{8BC9CEB8-8B4A-11D0-8D11-00A0C91BC942}") = "9.11 Employee Database", "9.11 Employee Database\9.11 Employee Database.vcxproj", "{6EA4A1FD-42B8-4E3B-A18A-15A46E03F193}"
EndProject
Project("{8BC9CEB8-8B4A-11D0-8D11-00A0C91BC942}") = "10.5.1 Template Array Class", "10.5.1 Template Array Class\10.5.1 Template Array Class.vcxproj", "{16329AFE-0CB9-4A77-94DD-017A4EF894C3}"
EndProject
Project("{8BC9CEB8-8B4A-11D0-8D11-00A0C91BC942}") = "10.5.2 Template Bubble Sort Function", "10.5.2 Template Bubble Sort Function\10.5.2 Template Bubble Sort Function.vcxproj", "{39410C8C-7BCC-491F-A015-5A7F85D59527}"
EndProject
Project("{8BC9CEB8-8B4A-11D0-8D11-00A0C91BC942}") = "10.5.3 Table Driver", "10.5.3 Table Driver\10.5.3 Table Driver.vcxproj", "{4E02319A-EAF9-4099-976A-71D3D08DBA71}"
EndProject
Project("{8BC9CEB8-8B4A-11D0-8D11-00A0C91BC942}") = "13.9.1 Linked List", "13.9.1 Linked List\13.9.1 Linked List.vcxproj", "{FEC6085D-501D-412B-9FAF-08B20C5E6967}"
EndProject
Project("{8BC9CEB8-8B4A-11D0-8D11-00A0C91BC942}") = "13.9.2 Stack", "13.9.2 Stack\13.9.2 Stack.vcxproj", "{A0F600A8-0C6A-492B-BEDD-B1DC80A657B5}"
EndProject
Project("{8BC9CEB8-8B4A-11D0-8D11-00A0C91BC942}") = "13.9.3 Queue", "13.9.3 Queue\13.9.3 Queue.vcxproj", "{344A2EDD-03B0-429E-A0C0-AB38A7C099FA}"
EndProject
Project("{8BC9CEB8-8B4A-11D0-8D11-00A0C91BC942}") = "Win32Window", "Win32Window\Win32Window.vcxproj", "{BA992127-F143-4B0E-A92F-731208A7058B}"
EndProject
Project("{8BC9CEB8-8B4A-11D0-8D11-00A0C91BC942}") = "GP01_LP_2_1_Wireframe Renderer", "GP01_LP_2_1_Wireframe Renderer\GP01_LP_2_1_Wireframe Renderer.vcxproj", "{355F9AC4-224B-4EA7-BDFA-39300B1A0CCA}"
EndProject
Global
	GlobalSection(SolutionConfigurationPlatforms) = preSolution
		Debug|x64 = Debug|x64
		Debug|x86 = Debug|x86
		Release|x64 = Release|x64
		Release|x86 = Release|x86
	EndGlobalSection
	GlobalSection(ProjectConfigurationPlatforms) = postSolution
		{0F3F0AA3-9058-431A-8644-52950477332A}.Debug|x64.ActiveCfg = Debug|x64
		{0F3F0AA3-9058-431A-8644-52950477332A}.Debug|x64.Build.0 = Debug|x64
		{0F3F0AA3-9058-431A-8644-52950477332A}.Debug|x86.ActiveCfg = Debug|Win32
		{0F3F0AA3-9058-431A-8644-52950477332A}.Debug|x86.Build.0 = Debug|Win32
		{0F3F0AA3-9058-431A-8644-52950477332A}.Release|x64.ActiveCfg = Release|x64
		{0F3F0AA3-9058-431A-8644-52950477332A}.Release|x64.Build.0 = Release|x64
		{0F3F0AA3-9058-431A-8644-52950477332A}.Release|x86.ActiveCfg = Release|Win32
		{0F3F0AA3-9058-431A-8644-52950477332A}.Release|x86.Build.0 = Release|Win32
		{1F920CAB-B0DA-4023-BA87-6746C119FD34}.Debug|x64.ActiveCfg = Debug|x64
		{1F920CAB-B0DA-4023-BA87-6746C119FD34}.Debug|x64.Build.0 = Debug|x64
		{1F920CAB-B0DA-4023-BA87-6746C119FD34}.Debug|x86.ActiveCfg = Debug|Win32
		{1F920CAB-B0DA-4023-BA87-6746C119FD34}.Debug|x86.Build.0 = Debug|Win32
		{1F920CAB-B0DA-4023-BA87-6746C119FD34}.Release|x64.ActiveCfg = Release|x64
		{1F920CAB-B0DA-4023-BA87-6746C119FD34}.Release|x64.Build.0 = Release|x64
		{1F920CAB-B0DA-4023-BA87-6746C119FD34}.Release|x86.ActiveCfg = Release|Win32
		{1F920CAB-B0DA-4023-BA87-6746C119FD34}.Release|x86.Build.0 = Release|Win32
		{667F4C74-E987-4775-B5AC-BD615E0E4695}.Debug|x64.ActiveCfg = Debug|x64
		{667F4C74-E987-4775-B5AC-BD615E0E4695}.Debug|x64.Build.0 = Debug|x64
		{667F4C74-E987-4775-B5AC-BD615E0E4695}.Debug|x86.ActiveCfg = Debug|Win32
		{667F4C74-E987-4775-B5AC-BD615E0E4695}.Debug|x86.Build.0 = Debug|Win32
		{667F4C74-E987-4775-B5AC-BD615E0E4695}.Release|x64.ActiveCfg = Release|x64
		{667F4C74-E987-4775-B5AC-BD615E0E4695}.Release|x64.Build.0 = Release|x64
		{667F4C74-E987-4775-B5AC-BD615E0E4695}.Release|x86.ActiveCfg = Release|Win32
		{667F4C74-E987-4775-B5AC-BD615E0E4695}.Release|x86.Build.0 = Release|Win32
		{8B802D06-5D44-4166-8529-1D724EE3F6FE}.Debug|x64.ActiveCfg = Debug|x64
		{8B802D06-5D44-4166-8529-1D724EE3F6FE}.Debug|x64.Build.0 = Debug|x64
		{8B802D06-5D44-4166-8529-1D724EE3F6FE}.Debug|x86.ActiveCfg = Debug|Win32
		{8B802D06-5D44-4166-8529-1D724EE3F6FE}.Debug|x86.Build.0 = Debug|Win32
		{8B802D06-5D44-4166-8529-1D724EE3F6FE}.Release|x64.ActiveCfg = Release|x64
		{8B802D06-5D44-4166-8529-1D724EE3F6FE}.Release|x64.Build.0 = Release|x64
		{8B802D06-5D44-4166-8529-1D724EE3F6FE}.Release|x86.ActiveCfg = Release|Win32
		{8B802D06-5D44-4166-8529-1D724EE3F6FE}.Release|x86.Build.0 = Release|Win32
		{66D63F27-D5AE-4FEC-8C65-248212F54861}.Debug|x64.ActiveCfg = Debug|x64
		{66D63F27-D5AE-4FEC-8C65-248212F54861}.Debug|x64.Build.0 = Debug|x64
		{66D63F27-D5AE-4FEC-8C65-248212F54861}.Debug|x86.ActiveCfg = Debug|Win32
		{66D63F27-D5AE-4FEC-8C65-248212F54861}.Debug|x86.Build.0 = Debug|Win32
		{66D63F27-D5AE-4FEC-8C65-248212F54861}.Release|x64.ActiveCfg = Release|x64
		{66D63F27-D5AE-4FEC-8C65-248212F54861}.Release|x64.Build.0 = Release|x64
		{66D63F27-D5AE-4FEC-8C65-248212F54861}.Release|x86.ActiveCfg = Release|Win32
		{66D63F27-D5AE-4FEC-8C65-248212F54861}.Release|x86.Build.0 = Release|Win32
		{1A26B0DD-BC60-483B-B8AB-C26DC5EA1662}.Debug|x64.ActiveCfg = Debug|x64
		{1A26B0DD-BC60-483B-B8AB-C26DC5EA1662}.Debug|x64.Build.0 = Debug|x64
		{1A26B0DD-BC60-483B-B8AB-C26DC5EA1662}.Debug|x86.ActiveCfg = Debug|Win32
		{1A26B0DD-BC60-483B-B8AB-C26DC5EA1662}.Debug|x86.Build.0 = Debug|Win32
		{1A26B0DD-BC60-483B-B8AB-C26DC5EA1662}.Release|x64.ActiveCfg = Release|x64
		{1A26B0DD-BC60-483B-B8AB-C26DC5EA1662}.Release|x64.Build.0 = Release|x64
		{1A26B0DD-BC60-483B-B8AB-C26DC5EA1662}.Release|x86.ActiveCfg = Release|Win32
		{1A26B0DD-BC60-483B-B8AB-C26DC5EA1662}.Release|x86.Build.0 = Release|Win32
		{7C9DB0D6-1F89-4B66-A036-01F820F5679F}.Debug|x64.ActiveCfg = Debug|x64
		{7C9DB0D6-1F89-4B66-A036-01F820F5679F}.Debug|x64.Build.0 = Debug|x64
		{7C9DB0D6-1F89-4B66-A036-01F820F5679F}.Debug|x86.ActiveCfg = Debug|Win32
		{7C9DB0D6-1F89-4B66-A036-01F820F5679F}.Debug|x86.Build.0 = Debug|Win32
		{7C9DB0D6-1F89-4B66-A036-01F820F5679F}.Release|x64.ActiveCfg = Release|x64
		{7C9DB0D6-1F89-4B66-A036-01F820F5679F}.Release|x64.Build.0 = Release|x64
		{7C9DB0D6-1F89-4B66-A036-01F820F5679F}.Release|x86.ActiveCfg = Release|Win32
		{7C9DB0D6-1F89-4B66-A036-01F820F5679F}.Release|x86.Build.0 = Release|Win32
		{689364CB-7DB3-4621-B75C-CD561BC618CA}.Debug|x64.ActiveCfg = Debug|x64
		{689364CB-7DB3-4621-B75C-CD561BC618CA}.Debug|x64.Build.0 = Debug|x64
		{689364CB-7DB3-4621-B75C-CD561BC618CA}.Debug|x86.ActiveCfg = Debug|Win32
		{689364CB-7DB3-4621-B75C-CD561BC618CA}.Debug|x86.Build.0 = Debug|Win32
		{689364CB-7DB3-4621-B75C-CD561BC618CA}.Release|x64.ActiveCfg = Release|x64
		{689364CB-7DB3-4621-B75C-CD561BC618CA}.Release|x64.Build.0 = Release|x64
		{689364CB-7DB3-4621-B75C-CD561BC618CA}.Release|x86.ActiveCfg = Release|Win32
		{689364CB-7DB3-4621-B75C-CD561BC618CA}.Release|x86.Build.0 = Release|Win32
		{282A795B-E5CB-490B-A662-B4FC450E2D88}.Debug|x64.ActiveCfg = Debug|x64
		{282A795B-E5CB-490B-A662-B4FC450E2D88}.Debug|x64.Build.0 = Debug|x64
		{282A795B-E5CB-490B-A662-B4FC450E2D88}.Debug|x86.ActiveCfg = Debug|Win32
		{282A795B-E5CB-490B-A662-B4FC450E2D88}.Debug|x86.Build.0 = Debug|Win32
		{282A795B-E5CB-490B-A662-B4FC450E2D88}.Release|x64.ActiveCfg = Release|x64
		{282A795B-E5CB-490B-A662-B4FC450E2D88}.Release|x64.Build.0 = Release|x64
		{282A795B-E5CB-490B-A662-B4FC450E2D88}.Release|x86.ActiveCfg = Release|Win32
		{282A795B-E5CB-490B-A662-B4FC450E2D88}.Release|x86.Build.0 = Release|Win32
		{83A77C25-1E25-4243-A8BA-48FD606F2D9F}.Debug|x64.ActiveCfg = Debug|x64
		{83A77C25-1E25-4243-A8BA-48FD606F2D9F}.Debug|x64.Build.0 = Debug|x64
		{83A77C25-1E25-4243-A8BA-48FD606F2D9F}.Debug|x86.ActiveCfg = Debug|Win32
		{83A77C25-1E25-4243-A8BA-48FD606F2D9F}.Debug|x86.Build.0 = Debug|Win32
		{83A77C25-1E25-4243-A8BA-48FD606F2D9F}.Release|x64.ActiveCfg = Release|x64
		{83A77C25-1E25-4243-A8BA-48FD606F2D9F}.Release|x64.Build.0 = Release|x64
		{83A77C25-1E25-4243-A8BA-48FD606F2D9F}.Release|x86.ActiveCfg = Release|Win32
		{83A77C25-1E25-4243-A8BA-48FD606F2D9F}.Release|x86.Build.0 = Release|Win32
		{7A3B9753-6FB6-4517-8DD9-1E24DCAF8A37}.Debug|x64.ActiveCfg = Debug|x64
		{7A3B9753-6FB6-4517-8DD9-1E24DCAF8A37}.Debug|x64.Build.0 = Debug|x64
		{7A3B9753-6FB6-4517-8DD9-1E24DCAF8A37}.Debug|x86.ActiveCfg = Debug|Win32
		{7A3B9753-6FB6-4517-8DD9-1E24DCAF8A37}.Debug|x86.Build.0 = Debug|Win32
		{7A3B9753-6FB6-4517-8DD9-1E24DCAF8A37}.Release|x64.ActiveCfg = Release|x64
		{7A3B9753-6FB6-4517-8DD9-1E24DCAF8A37}.Release|x64.Build.0 = Release|x64
		{7A3B9753-6FB6-4517-8DD9-1E24DCAF8A37}.Release|x86.ActiveCfg = Release|Win32
		{7A3B9753-6FB6-4517-8DD9-1E24DCAF8A37}.Release|x86.Build.0 = Release|Win32
		{6CD7A72F-F764-4F23-AB68-2B0B97D61D78}.Debug|x64.ActiveCfg = Debug|x64
		{6CD7A72F-F764-4F23-AB68-2B0B97D61D78}.Debug|x64.Build.0 = Debug|x64
		{6CD7A72F-F764-4F23-AB68-2B0B97D61D78}.Debug|x86.ActiveCfg = Debug|Win32
		{6CD7A72F-F764-4F23-AB68-2B0B97D61D78}.Debug|x86.Build.0 = Debug|Win32
		{6CD7A72F-F764-4F23-AB68-2B0B97D61D78}.Release|x64.ActiveCfg = Release|x64
		{6CD7A72F-F764-4F23-AB68-2B0B97D61D78}.Release|x64.Build.0 = Release|x64
		{6CD7A72F-F764-4F23-AB68-2B0B97D61D78}.Release|x86.ActiveCfg = Release|Win32
		{6CD7A72F-F764-4F23-AB68-2B0B97D61D78}.Release|x86.Build.0 = Release|Win32
		{45C7C7CF-3583-494C-A4F7-9FB1734C3F14}.Debug|x64.ActiveCfg = Debug|x64
		{45C7C7CF-3583-494C-A4F7-9FB1734C3F14}.Debug|x64.Build.0 = Debug|x64
		{45C7C7CF-3583-494C-A4F7-9FB1734C3F14}.Debug|x86.ActiveCfg = Debug|Win32
		{45C7C7CF-3583-494C-A4F7-9FB1734C3F14}.Debug|x86.Build.0 = Debug|Win32
		{45C7C7CF-3583-494C-A4F7-9FB1734C3F14}.Release|x64.ActiveCfg = Release|x64
		{45C7C7CF-3583-494C-A4F7-9FB1734C3F14}.Release|x64.Build.0 = Release|x64
		{45C7C7CF-3583-494C-A4F7-9FB1734C3F14}.Release|x86.ActiveCfg = Release|Win32
		{45C7C7CF-3583-494C-A4F7-9FB1734C3F14}.Release|x86.Build.0 = Release|Win32
		{8735C911-FB98-43C1-8041-70FED95DEF97}.Debug|x64.ActiveCfg = Debug|x64
		{8735C911-FB98-43C1-8041-70FED95DEF97}.Debug|x64.Build.0 = Debug|x64
		{8735C911-FB98-43C1-8041-70FED95DEF97}.Debug|x86.ActiveCfg = Debug|Win32
		{8735C911-FB98-43C1-8041-70FED95DEF97}.Debug|x86.Build.0 = Debug|Win32
		{8735C911-FB98-43C1-8041-70FED95DEF97}.Release|x64.ActiveCfg = Release|x64
		{8735C911-FB98-43C1-8041-70FED95DEF97}.Release|x64.Build.0 = Release|x64
		{8735C911-FB98-43C1-8041-70FED95DEF97}.Release|x86.ActiveCfg = Release|Win32
		{8735C911-FB98-43C1-8041-70FED95DEF97}.Release|x86.Build.0 = Release|Win32
		{7F32549A-E417-4968-ADB2-5E010A1FE1D8}.Debug|x64.ActiveCfg = Debug|x64
		{7F32549A-E417-4968-ADB2-5E010A1FE1D8}.Debug|x64.Build.0 = Debug|x64
		{7F32549A-E417-4968-ADB2-5E010A1FE1D8}.Debug|x86.ActiveCfg = Debug|Win32
		{7F32549A-E417-4968-ADB2-5E010A1FE1D8}.Debug|x86.Build.0 = Debug|Win32
		{7F32549A-E417-4968-ADB2-5E010A1FE1D8}.Release|x64.ActiveCfg = Release|x64
		{7F32549A-E417-4968-ADB2-5E010A1FE1D8}.Release|x64.Build.0 = Release|x64
		{7F32549A-E417-4968-ADB2-5E010A1FE1D8}.Release|x86.ActiveCfg = Release|Win32
		{7F32549A-E417-4968-ADB2-5E010A1FE1D8}.Release|x86.Build.0 = Release|Win32
		{C52AC7AF-996B-4DFA-B159-B8A0CE3E1FEB}.Debug|x64.ActiveCfg = Debug|x64
		{C52AC7AF-996B-4DFA-B159-B8A0CE3E1FEB}.Debug|x64.Build.0 = Debug|x64
		{C52AC7AF-996B-4DFA-B159-B8A0CE3E1FEB}.Debug|x86.ActiveCfg = Debug|Win32
		{C52AC7AF-996B-4DFA-B159-B8A0CE3E1FEB}.Debug|x86.Build.0 = Debug|Win32
		{C52AC7AF-996B-4DFA-B159-B8A0CE3E1FEB}.Release|x64.ActiveCfg = Release|x64
		{C52AC7AF-996B-4DFA-B159-B8A0CE3E1FEB}.Release|x64.Build.0 = Release|x64
		{C52AC7AF-996B-4DFA-B159-B8A0CE3E1FEB}.Release|x86.ActiveCfg = Release|Win32
		{C52AC7AF-996B-4DFA-B159-B8A0CE3E1FEB}.Release|x86.Build.0 = Release|Win32
		{27622AF2-D57A-41A8-A7A9-06FAE8E5C97B}.Debug|x64.ActiveCfg = Debug|x64
		{27622AF2-D57A-41A8-A7A9-06FAE8E5C97B}.Debug|x64.Build.0 = Debug|x64
		{27622AF2-D57A-41A8-A7A9-06FAE8E5C97B}.Debug|x86.ActiveCfg = Debug|Win32
		{27622AF2-D57A-41A8-A7A9-06FAE8E5C97B}.Debug|x86.Build.0 = Debug|Win32
		{27622AF2-D57A-41A8-A7A9-06FAE8E5C97B}.Release|x64.ActiveCfg = Release|x64
		{27622AF2-D57A-41A8-A7A9-06FAE8E5C97B}.Release|x64.Build.0 = Release|x64
		{27622AF2-D57A-41A8-A7A9-06FAE8E5C97B}.Release|x86.ActiveCfg = Release|Win32
		{27622AF2-D57A-41A8-A7A9-06FAE8E5C97B}.Release|x86.Build.0 = Release|Win32
		{2C72EA0B-23E1-495E-B038-3DE47B6BF5E7}.Debug|x64.ActiveCfg = Debug|x64
		{2C72EA0B-23E1-495E-B038-3DE47B6BF5E7}.Debug|x64.Build.0 = Debug|x64
		{2C72EA0B-23E1-495E-B038-3DE47B6BF5E7}.Debug|x86.ActiveCfg = Debug|Win32
		{2C72EA0B-23E1-495E-B038-3DE47B6BF5E7}.Debug|x86.Build.0 = Debug|Win32
		{2C72EA0B-23E1-495E-B038-3DE47B6BF5E7}.Release|x64.ActiveCfg = Release|x64
		{2C72EA0B-23E1-495E-B038-3DE47B6BF5E7}.Release|x64.Build.0 = Release|x64
		{2C72EA0B-23E1-495E-B038-3DE47B6BF5E7}.Release|x86.ActiveCfg = Release|Win32
		{2C72EA0B-23E1-495E-B038-3DE47B6BF5E7}.Release|x86.Build.0 = Release|Win32
		{6E51D035-8E24-40A3-97D7-B0DF217CA28C}.Debug|x64.ActiveCfg = Debug|x64
		{6E51D035-8E24-40A3-97D7-B0DF217CA28C}.Debug|x64.Build.0 = Debug|x64
		{6E51D035-8E24-40A3-97D7-B0DF217CA28C}.Debug|x86.ActiveCfg = Debug|Win32
		{6E51D035-8E24-40A3-97D7-B0DF217CA28C}.Debug|x86.Build.0 = Debug|Win32
		{6E51D035-8E24-40A3-97D7-B0DF217CA28C}.Release|x64.ActiveCfg = Release|x64
		{6E51D035-8E24-40A3-97D7-B0DF217CA28C}.Release|x64.Build.0 = Release|x64
		{6E51D035-8E24-40A3-97D7-B0DF217CA28C}.Release|x86.ActiveCfg = Release|Win32
		{6E51D035-8E24-40A3-97D7-B0DF217CA28C}.Release|x86.Build.0 = Release|Win32
		{89B5340B-041A-4E8E-8FF1-A18EB38804C6}.Debug|x64.ActiveCfg = Debug|x64
		{89B5340B-041A-4E8E-8FF1-A18EB38804C6}.Debug|x64.Build.0 = Debug|x64
		{89B5340B-041A-4E8E-8FF1-A18EB38804C6}.Debug|x86.ActiveCfg = Debug|Win32
		{89B5340B-041A-4E8E-8FF1-A18EB38804C6}.Debug|x86.Build.0 = Debug|Win32
		{89B5340B-041A-4E8E-8FF1-A18EB38804C6}.Release|x64.ActiveCfg = Release|x64
		{89B5340B-041A-4E8E-8FF1-A18EB38804C6}.Release|x64.Build.0 = Release|x64
		{89B5340B-041A-4E8E-8FF1-A18EB38804C6}.Release|x86.ActiveCfg = Release|Win32
		{89B5340B-041A-4E8E-8FF1-A18EB38804C6}.Release|x86.Build.0 = Release|Win32
		{1091115E-86EC-43C2-8D8E-4CA657A7C5A2}.Debug|x64.ActiveCfg = Debug|x64
		{1091115E-86EC-43C2-8D8E-4CA657A7C5A2}.Debug|x64.Build.0 = Debug|x64
		{1091115E-86EC-43C2-8D8E-4CA657A7C5A2}.Debug|x86.ActiveCfg = Debug|Win32
		{1091115E-86EC-43C2-8D8E-4CA657A7C5A2}.Debug|x86.Build.0 = Debug|Win32
		{1091115E-86EC-43C2-8D8E-4CA657A7C5A2}.Release|x64.ActiveCfg = Release|x64
		{1091115E-86EC-43C2-8D8E-4CA657A7C5A2}.Release|x64.Build.0 = Release|x64
		{1091115E-86EC-43C2-8D8E-4CA657A7C5A2}.Release|x86.ActiveCfg = Release|Win32
		{1091115E-86EC-43C2-8D8E-4CA657A7C5A2}.Release|x86.Build.0 = Release|Win32
		{63A386A9-6BBC-451B-AD77-0AAE4E877094}.Debug|x64.ActiveCfg = Debug|x64
		{63A386A9-6BBC-451B-AD77-0AAE4E877094}.Debug|x64.Build.0 = Debug|x64
		{63A386A9-6BBC-451B-AD77-0AAE4E877094}.Debug|x86.ActiveCfg = Debug|Win32
		{63A386A9-6BBC-451B-AD77-0AAE4E877094}.Debug|x86.Build.0 = Debug|Win32
		{63A386A9-6BBC-451B-AD77-0AAE4E877094}.Release|x64.ActiveCfg = Release|x64
		{63A386A9-6BBC-451B-AD77-0AAE4E877094}.Release|x64.Build.0 = Release|x64
		{63A386A9-6BBC-451B-AD77-0AAE4E877094}.Release|x86.ActiveCfg = Release|Win32
		{63A386A9-6BBC-451B-AD77-0AAE4E877094}.Release|x86.Build.0 = Release|Win32
		{3FCAD9B8-8DC5-4CC2-A0E1-948223DD94A9}.Debug|x64.ActiveCfg = Debug|x64
		{3FCAD9B8-8DC5-4CC2-A0E1-948223DD94A9}.Debug|x64.Build.0 = Debug|x64
		{3FCAD9B8-8DC5-4CC2-A0E1-948223DD94A9}.Debug|x86.ActiveCfg = Debug|Win32
		{3FCAD9B8-8DC5-4CC2-A0E1-948223DD94A9}.Debug|x86.Build.0 = Debug|Win32
		{3FCAD9B8-8DC5-4CC2-A0E1-948223DD94A9}.Release|x64.ActiveCfg = Release|x64
		{3FCAD9B8-8DC5-4CC2-A0E1-948223DD94A9}.Release|x64.Build.0 = Release|x64
		{3FCAD9B8-8DC5-4CC2-A0E1-948223DD94A9}.Release|x86.ActiveCfg = Release|Win32
		{3FCAD9B8-8DC5-4CC2-A0E1-948223DD94A9}.Release|x86.Build.0 = Release|Win32
		{67932AC4-567F-47B2-A8D3-80B5CB3B5524}.Debug|x64.ActiveCfg = Debug|x64
		{67932AC4-567F-47B2-A8D3-80B5CB3B5524}.Debug|x64.Build.0 = Debug|x64
		{67932AC4-567F-47B2-A8D3-80B5CB3B5524}.Debug|x86.ActiveCfg = Debug|Win32
		{67932AC4-567F-47B2-A8D3-80B5CB3B5524}.Debug|x86.Build.0 = Debug|Win32
		{67932AC4-567F-47B2-A8D3-80B5CB3B5524}.Release|x64.ActiveCfg = Release|x64
		{67932AC4-567F-47B2-A8D3-80B5CB3B5524}.Release|x64.Build.0 = Release|x64
		{67932AC4-567F-47B2-A8D3-80B5CB3B5524}.Release|x86.ActiveCfg = Release|Win32
		{67932AC4-567F-47B2-A8D3-80B5CB3B5524}.Release|x86.Build.0 = Release|Win32
		{810BD99C-5D3C-4A71-9A84-F2FFBF04D203}.Debug|x64.ActiveCfg = Debug|x64
		{810BD99C-5D3C-4A71-9A84-F2FFBF04D203}.Debug|x64.Build.0 = Debug|x64
		{810BD99C-5D3C-4A71-9A84-F2FFBF04D203}.Debug|x86.ActiveCfg = Debug|Win32
		{810BD99C-5D3C-4A71-9A84-F2FFBF04D203}.Debug|x86.Build.0 = Debug|Win32
		{810BD99C-5D3C-4A71-9A84-F2FFBF04D203}.Release|x64.ActiveCfg = Release|x64
		{810BD99C-5D3C-4A71-9A84-F2FFBF04D203}.Release|x64.Build.0 = Release|x64
		{810BD99C-5D3C-4A71-9A84-F2FFBF04D203}.Release|x86.ActiveCfg = Release|Win32
		{810BD99C-5D3C-4A71-9A84-F2FFBF04D203}.Release|x86.Build.0 = Release|Win32
		{2FC9A811-5765-453A-B934-C99005D8E2E5}.Debug|x64.ActiveCfg = Debug|x64
		{2FC9A811-5765-453A-B934-C99005D8E2E5}.Debug|x64.Build.0 = Debug|x64
		{2FC9A811-5765-453A-B934-C99005D8E2E5}.Debug|x86.ActiveCfg = Debug|Win32
		{2FC9A811-5765-453A-B934-C99005D8E2E5}.Debug|x86.Build.0 = Debug|Win32
		{2FC9A811-5765-453A-B934-C99005D8E2E5}.Release|x64.ActiveCfg = Release|x64
		{2FC9A811-5765-453A-B934-C99005D8E2E5}.Release|x64.Build.0 = Release|x64
		{2FC9A811-5765-453A-B934-C99005D8E2E5}.Release|x86.ActiveCfg = Release|Win32
		{2FC9A811-5765-453A-B934-C99005D8E2E5}.Release|x86.Build.0 = Release|Win32
		{CD889AF3-C28B-48F9-9B57-598C904E4936}.Debug|x64.ActiveCfg = Debug|x64
		{CD889AF3-C28B-48F9-9B57-598C904E4936}.Debug|x64.Build.0 = Debug|x64
		{CD889AF3-C28B-48F9-9B57-598C904E4936}.Debug|x86.ActiveCfg = Debug|Win32
		{CD889AF3-C28B-48F9-9B57-598C904E4936}.Debug|x86.Build.0 = Debug|Win32
		{CD889AF3-C28B-48F9-9B57-598C904E4936}.Release|x64.ActiveCfg = Release|x64
		{CD889AF3-C28B-48F9-9B57-598C904E4936}.Release|x64.Build.0 = Release|x64
		{CD889AF3-C28B-48F9-9B57-598C904E4936}.Release|x86.ActiveCfg = Release|Win32
		{CD889AF3-C28B-48F9-9B57-598C904E4936}.Release|x86.Build.0 = Release|Win32
		{5566A02F-E309-4E21-B6A3-46A8A6924A9A}.Debug|x64.ActiveCfg = Debug|x64
		{5566A02F-E309-4E21-B6A3-46A8A6924A9A}.Debug|x64.Build.0 = Debug|x64
		{5566A02F-E309-4E21-B6A3-46A8A6924A9A}.Debug|x86.ActiveCfg = Debug|Win32
		{5566A02F-E309-4E21-B6A3-46A8A6924A9A}.Debug|x86.Build.0 = Debug|Win32
		{5566A02F-E309-4E21-B6A3-46A8A6924A9A}.Release|x64.ActiveCfg = Release|x64
		{5566A02F-E309-4E21-B6A3-46A8A6924A9A}.Release|x64.Build.0 = Release|x64
		{5566A02F-E309-4E21-B6A3-46A8A6924A9A}.Release|x86.ActiveCfg = Release|Win32
		{5566A02F-E309-4E21-B6A3-46A8A6924A9A}.Release|x86.Build.0 = Release|Win32
		{35C8ADD2-646F-4D58-AF26-551BE1F336B5}.Debug|x64.ActiveCfg = Debug|x64
		{35C8ADD2-646F-4D58-AF26-551BE1F336B5}.Debug|x64.Build.0 = Debug|x64
		{35C8ADD2-646F-4D58-AF26-551BE1F336B5}.Debug|x86.ActiveCfg = Debug|Win32
		{35C8ADD2-646F-4D58-AF26-551BE1F336B5}.Debug|x86.Build.0 = Debug|Win32
		{35C8ADD2-646F-4D58-AF26-551BE1F336B5}.Release|x64.ActiveCfg = Release|x64
		{35C8ADD2-646F-4D58-AF26-551BE1F336B5}.Release|x64.Build.0 = Release|x64
		{35C8ADD2-646F-4D58-AF26-551BE1F336B5}.Release|x86.ActiveCfg = Release|Win32
		{35C8ADD2-646F-4D58-AF26-551BE1F336B5}.Release|x86.Build.0 = Release|Win32
		{D9786B87-EF21-4110-BF5A-BD1834759E64}.Debug|x64.ActiveCfg = Debug|x64
		{D9786B87-EF21-4110-BF5A-BD1834759E64}.Debug|x64.Build.0 = Debug|x64
		{D9786B87-EF21-4110-BF5A-BD1834759E64}.Debug|x86.ActiveCfg = Debug|Win32
		{D9786B87-EF21-4110-BF5A-BD1834759E64}.Debug|x86.Build.0 = Debug|Win32
		{D9786B87-EF21-4110-BF5A-BD1834759E64}.Release|x64.ActiveCfg = Release|x64
		{D9786B87-EF21-4110-BF5A-BD1834759E64}.Release|x64.Build.0 = Release|x64
		{D9786B87-EF21-4110-BF5A-BD1834759E64}.Release|x86.ActiveCfg = Release|Win32
		{D9786B87-EF21-4110-BF5A-BD1834759E64}.Release|x86.Build.0 = Release|Win32
		{CD961995-70DD-4A8E-B61F-51E3E951AECD}.Debug|x64.ActiveCfg = Debug|x64
		{CD961995-70DD-4A8E-B61F-51E3E951AECD}.Debug|x64.Build.0 = Debug|x64
		{CD961995-70DD-4A8E-B61F-51E3E951AECD}.Debug|x86.ActiveCfg = Debug|Win32
		{CD961995-70DD-4A8E-B61F-51E3E951AECD}.Debug|x86.Build.0 = Debug|Win32
		{CD961995-70DD-4A8E-B61F-51E3E951AECD}.Release|x64.ActiveCfg = Release|x64
		{CD961995-70DD-4A8E-B61F-51E3E951AECD}.Release|x64.Build.0 = Release|x64
		{CD961995-70DD-4A8E-B61F-51E3E951AECD}.Release|x86.ActiveCfg = Release|Win32
		{CD961995-70DD-4A8E-B61F-51E3E951AECD}.Release|x86.Build.0 = Release|Win32
		{DC2E859D-14CC-40BF-B2DC-DBB41424AEAC}.Debug|x64.ActiveCfg = Debug|x64
		{DC2E859D-14CC-40BF-B2DC-DBB41424AEAC}.Debug|x64.Build.0 = Debug|x64
		{DC2E859D-14CC-40BF-B2DC-DBB41424AEAC}.Debug|x86.ActiveCfg = Debug|Win32
		{DC2E859D-14CC-40BF-B2DC-DBB41424AEAC}.Debug|x86.Build.0 = Debug|Win32
		{DC2E859D-14CC-40BF-B2DC-DBB41424AEAC}.Release|x64.ActiveCfg = Release|x64
		{DC2E859D-14CC-40BF-B2DC-DBB41424AEAC}.Release|x64.Build.0 = Release|x64
		{DC2E859D-14CC-40BF-B2DC-DBB41424AEAC}.Release|x86.ActiveCfg = Release|Win32
		{DC2E859D-14CC-40BF-B2DC-DBB41424AEAC}.Release|x86.Build.0 = Release|Win32
		{FCA5D4BD-CE7C-4002-8B61-2BACF76B27E6}.Debug|x64.ActiveCfg = Debug|x64
		{FCA5D4BD-CE7C-4002-8B61-2BACF76B27E6}.Debug|x64.Build.0 = Debug|x64
		{FCA5D4BD-CE7C-4002-8B61-2BACF76B27E6}.Debug|x86.ActiveCfg = Debug|Win32
		{FCA5D4BD-CE7C-4002-8B61-2BACF76B27E6}.Debug|x86.Build.0 = Debug|Win32
		{FCA5D4BD-CE7C-4002-8B61-2BACF76B27E6}.Release|x64.ActiveCfg = Release|x64
		{FCA5D4BD-CE7C-4002-8B61-2BACF76B27E6}.Release|x64.Build.0 = Release|x64
		{FCA5D4BD-CE7C-4002-8B61-2BACF76B27E6}.Release|x86.ActiveCfg = Release|Win32
		{FCA5D4BD-CE7C-4002-8B61-2BACF76B27E6}.Release|x86.Build.0 = Release|Win32
		{F326C54F-6D40-420A-9CCE-A59224D9DB9F}.Debug|x64.ActiveCfg = Debug|x64
		{F326C54F-6D40-420A-9CCE-A59224D9DB9F}.Debug|x64.Build.0 = Debug|x64
		{F326C54F-6D40-420A-9CCE-A59224D9DB9F}.Debug|x86.ActiveCfg = Debug|Win32
		{F326C54F-6D40-420A-9CCE-A59224D9DB9F}.Debug|x86.Build.0 = Debug|Win32
		{F326C54F-6D40-420A-9CCE-A59224D9DB9F}.Release|x64.ActiveCfg = Release|x64
		{F326C54F-6D40-420A-9CCE-A59224D9DB9F}.Release|x64.Build.0 = Release|x64
		{F326C54F-6D40-420A-9CCE-A59224D9DB9F}.Release|x86.ActiveCfg = Release|Win32
		{F326C54F-6D40-420A-9CCE-A59224D9DB9F}.Release|x86.Build.0 = Release|Win32
		{E5929AB4-818E-4551-9596-6D7EEE24FAC0}.Debug|x64.ActiveCfg = Debug|x64
		{E5929AB4-818E-4551-9596-6D7EEE24FAC0}.Debug|x64.Build.0 = Debug|x64
		{E5929AB4-818E-4551-9596-6D7EEE24FAC0}.Debug|x86.ActiveCfg = Debug|Win32
		{E5929AB4-818E-4551-9596-6D7EEE24FAC0}.Debug|x86.Build.0 = Debug|Win32
		{E5929AB4-818E-4551-9596-6D7EEE24FAC0}.Release|x64.ActiveCfg = Release|x64
		{E5929AB4-818E-4551-9596-6D7EEE24FAC0}.Release|x64.Build.0 = Release|x64
		{E5929AB4-818E-4551-9596-6D7EEE24FAC0}.Release|x86.ActiveCfg = Release|Win32
		{E5929AB4-818E-4551-9596-6D7EEE24FAC0}.Release|x86.Build.0 = Release|Win32
		{D7DF01CA-DC47-47A3-AC44-D9E383DCD701}.Debug|x64.ActiveCfg = Debug|x64
		{D7DF01CA-DC47-47A3-AC44-D9E383DCD701}.Debug|x64.Build.0 = Debug|x64
		{D7DF01CA-DC47-47A3-AC44-D9E383DCD701}.Debug|x86.ActiveCfg = Debug|Win32
		{D7DF01CA-DC47-47A3-AC44-D9E383DCD701}.Debug|x86.Build.0 = Debug|Win32
		{D7DF01CA-DC47-47A3-AC44-D9E383DCD701}.Release|x64.ActiveCfg = Release|x64
		{D7DF01CA-DC47-47A3-AC44-D9E383DCD701}.Release|x64.Build.0 = Release|x64
		{D7DF01CA-DC47-47A3-AC44-D9E383DCD701}.Release|x86.ActiveCfg = Release|Win32
		{D7DF01CA-DC47-47A3-AC44-D9E383DCD701}.Release|x86.Build.0 = Release|Win32
		{8AC4295C-7B21-4AB1-B51B-E398936759ED}.Debug|x64.ActiveCfg = Debug|x64
		{8AC4295C-7B21-4AB1-B51B-E398936759ED}.Debug|x64.Build.0 = Debug|x64
		{8AC4295C-7B21-4AB1-B51B-E398936759ED}.Debug|x86.ActiveCfg = Debug|Win32
		{8AC4295C-7B21-4AB1-B51B-E398936759ED}.Debug|x86.Build.0 = Debug|Win32
		{8AC4295C-7B21-4AB1-B51B-E398936759ED}.Release|x64.ActiveCfg = Release|x64
		{8AC4295C-7B21-4AB1-B51B-E398936759ED}.Release|x64.Build.0 = Release|x64
		{8AC4295C-7B21-4AB1-B51B-E398936759ED}.Release|x86.ActiveCfg = Release|Win32
		{8AC4295C-7B21-4AB1-B51B-E398936759ED}.Release|x86.Build.0 = Release|Win32
		{6EA4A1FD-42B8-4E3B-A18A-15A46E03F193}.Debug|x64.ActiveCfg = Debug|x64
		{6EA4A1FD-42B8-4E3B-A18A-15A46E03F193}.Debug|x64.Build.0 = Debug|x64
		{6EA4A1FD-42B8-4E3B-A18A-15A46E03F193}.Debug|x86.ActiveCfg = Debug|Win32
		{6EA4A1FD-42B8-4E3B-A18A-15A46E03F193}.Debug|x86.Build.0 = Debug|Win32
		{6EA4A1FD-42B8-4E3B-A18A-15A46E03F193}.Release|x64.ActiveCfg = Release|x64
		{6EA4A1FD-42B8-4E3B-A18A-15A46E03F193}.Release|x64.Build.0 = Release|x64
		{6EA4A1FD-42B8-4E3B-A18A-15A46E03F193}.Release|x86.ActiveCfg = Release|Win32
		{6EA4A1FD-42B8-4E3B-A18A-15A46E03F193}.Release|x86.Build.0 = Release|Win32
		{16329AFE-0CB9-4A77-94DD-017A4EF894C3}.Debug|x64.ActiveCfg = Debug|x64
		{16329AFE-0CB9-4A77-94DD-017A4EF894C3}.Debug|x64.Build.0 = Debug|x64
		{16329AFE-0CB9-4A77-94DD-017A4EF894C3}.Debug|x86.ActiveCfg = Debug|Win32
		{16329AFE-0CB9-4A77-94DD-017A4EF894C3}.Debug|x86.Build.0 = Debug|Win32
		{16329AFE-0CB9-4A77-94DD-017A4EF894C3}.Release|x64.ActiveCfg = Release|x64
		{16329AFE-0CB9-4A77-94DD-017A4EF894C3}.Release|x64.Build.0 = Release|x64
		{16329AFE-0CB9-4A77-94DD-017A4EF894C3}.Release|x86.ActiveCfg = Release|Win32
		{16329AFE-0CB9-4A77-94DD-017A4EF894C3}.Release|x86.Build.0 = Release|Win32
		{39410C8C-7BCC-491F-A015-5A7F85D59527}.Debug|x64.ActiveCfg = Debug|x64
		{39410C8C-7BCC-491F-A015-5A7F85D59527}.Debug|x64.Build.0 = Debug|x64
		{39410C8C-7BCC-491F-A015-5A7F85D59527}.Debug|x86.ActiveCfg = Debug|Win32
		{39410C8C-7BCC-491F-A015-5A7F85D59527}.Debug|x86.Build.0 = Debug|Win32
		{39410C8C-7BCC-491F-A015-5A7F85D59527}.Release|x64.ActiveCfg = Release|x64
		{39410C8C-7BCC-491F-A015-5A7F85D59527}.Release|x64.Build.0 = Release|x64
		{39410C8C-7BCC-491F-A015-5A7F85D59527}.Release|x86.ActiveCfg = Release|Win32
		{39410C8C-7BCC-491F-A015-5A7F85D59527}.Release|x86.Build.0 = Release|Win32
		{4E02319A-EAF9-4099-976A-71D3D08DBA71}.Debug|x64.ActiveCfg = Debug|x64
		{4E02319A-EAF9-4099-976A-71D3D08DBA71}.Debug|x64.Build.0 = Debug|x64
		{4E02319A-EAF9-4099-976A-71D3D08DBA71}.Debug|x86.ActiveCfg = Debug|Win32
		{4E02319A-EAF9-4099-976A-71D3D08DBA71}.Debug|x86.Build.0 = Debug|Win32
		{4E02319A-EAF9-4099-976A-71D3D08DBA71}.Release|x64.ActiveCfg = Release|x64
		{4E02319A-EAF9-4099-976A-71D3D08DBA71}.Release|x64.Build.0 = Release|x64
		{4E02319A-EAF9-4099-976A-71D3D08DBA71}.Release|x86.ActiveCfg = Release|Win32
		{4E02319A-EAF9-4099-976A-71D3D08DBA71}.Release|x86.Build.0 = Release|Win32
		{FEC6085D-501D-412B-9FAF-08B20C5E6967}.Debug|x64.ActiveCfg = Debug|x64
		{FEC6085D-501D-412B-9FAF-08B20C5E6967}.Debug|x64.Build.0 = Debug|x64
		{FEC6085D-501D-412B-9FAF-08B20C5E6967}.Debug|x86.ActiveCfg = Debug|Win32
		{FEC6085D-501D-412B-9FAF-08B20C5E6967}.Debug|x86.Build.0 = Debug|Win32
		{FEC6085D-501D-412B-9FAF-08B20C5E6967}.Release|x64.ActiveCfg = Release|x64
		{FEC6085D-501D-412B-9FAF-08B20C5E6967}.Release|x64.Build.0 = Release|x64
		{FEC6085D-501D-412B-9FAF-08B20C5E6967}.Release|x86.ActiveCfg = Release|Win32
		{FEC6085D-501D-412B-9FAF-08B20C5E6967}.Release|x86.Build.0 = Release|Win32
		{A0F600A8-0C6A-492B-BEDD-B1DC80A657B5}.Debug|x64.ActiveCfg = Debug|x64
		{A0F600A8-0C6A-492B-BEDD-B1DC80A657B5}.Debug|x64.Build.0 = Debug|x64
		{A0F600A8-0C6A-492B-BEDD-B1DC80A657B5}.Debug|x86.ActiveCfg = Debug|Win32
		{A0F600A8-0C6A-492B-BEDD-B1DC80A657B5}.Debug|x86.Build.0 = Debug|Win32
		{A0F600A8-0C6A-492B-BEDD-B1DC80A657B5}.Release|x64.ActiveCfg = Release|x64
		{A0F600A8-0C6A-492B-BEDD-B1DC80A657B5}.Release|x64.Build.0 = Release|x64
		{A0F600A8-0C6A-492B-BEDD-B1DC80A657B5}.Release|x86.ActiveCfg = Release|Win32
		{A0F600A8-0C6A-492B-BEDD-B1DC80A657B5}.Release|x86.Build.0 = Release|Win32
		{344A2EDD-03B0-429E-A0C0-AB38A7C099FA}.Debug|x64.ActiveCfg = Debug|x64
		{344A2EDD-03B0-429E-A0C0-AB38A7C099FA}.Debug|x64.Build.0 = Debug|x64
		{344A2EDD-03B0-429E-A0C0-AB38A7C099FA}.Debug|x86.ActiveCfg = Debug|Win32
		{344A2EDD-03B0-429E-A0C0-AB38A7C099FA}.Debug|x86.Build.0 = Debug|Win32
		{344A2EDD-03B0-429E-A0C0-AB38A7C099FA}.Release|x64.ActiveCfg = Release|x64
		{344A2EDD-03B0-429E-A0C0-AB38A7C099FA}.Release|x64.Build.0 = Release|x64
		{344A2EDD-03B0-429E-A0C0-AB38A7C099FA}.Release|x86.ActiveCfg = Release|Win32
		{344A2EDD-03B0-429E-A0C0-AB38A7C099FA}.Release|x86.Build.0 = Release|Win32
		{BA992127-F143-4B0E-A92F-731208A7058B}.Debug|x64.ActiveCfg = Debug|x64
		{BA992127-F143-4B0E-A92F-731208A7058B}.Debug|x64.Build.0 = Debug|x64
		{BA992127-F143-4B0E-A92F-731208A7058B}.Debug|x86.ActiveCfg = Debug|Win32
		{BA992127-F143-4B0E-A92F-731208A7058B}.Debug|x86.Build.0 = Debug|Win32
		{BA992127-F143-4B0E-A92F-731208A7058B}.Release|x64.ActiveCfg = Release|x64
		{BA992127-F143-4B0E-A92F-731208A7058B}.Release|x64.Build.0 = Release|x64
		{BA992127-F143-4B0E-A92F-731208A7058B}.Release|x86.ActiveCfg = Release|Win32
		{BA992127-F143-4B0E-A92F-731208A7058B}.Release|x86.Build.0 = Release|Win32
		{355F9AC4-224B-4EA7-BDFA-39300B1A0CCA}.Debug|x64.ActiveCfg = Debug|x64
		{355F9AC4-224B-4EA7-BDFA-39300B1A0CCA}.Debug|x64.Build.0 = Debug|x64
		{355F9AC4-224B-4EA7-BDFA-39300B1A0CCA}.Debug|x86.ActiveCfg = Debug|Win32
		{355F9AC4-224B-4EA7-BDFA-39300B1A0CCA}.Debug|x86.Build.0 = Debug|Win32
		{355F9AC4-224B-4EA7-BDFA-39300B1A0CCA}.Release|x64.ActiveCfg = Release|x64
		{355F9AC4-224B-4EA7-BDFA-39300B1A0CCA}.Release|x64.Build.0 = Release|x64
		{355F9AC4-224B-4EA7-BDFA-39300B1A0CCA}.Release|x86.ActiveCfg = Release|Win32
		{355F9AC4-224B-4EA7-BDFA-39300B1A0CCA}.Release|x86.Build.0 = Release|Win32
	EndGlobalSection
	GlobalSection(SolutionProperties) = preSolution
		HideSolutionNode = FALSE
	EndGlobalSection
	GlobalSection(NestedProjects) = preSolution
		{0F3F0AA3-9058-431A-8644-52950477332A} = {6D4900BE-CE9B-490E-99F4-3C512F2BEE75}
		{1F920CAB-B0DA-4023-BA87-6746C119FD34} = {6D4900BE-CE9B-490E-99F4-3C512F2BEE75}
		{667F4C74-E987-4775-B5AC-BD615E0E4695} = {94A37CC9-FEBD-41DC-9A04-E5940B896B62}
		{8B802D06-5D44-4166-8529-1D724EE3F6FE} = {F31537EC-9535-4140-B7B6-452051CE209A}
		{66D63F27-D5AE-4FEC-8C65-248212F54861} = {F31537EC-9535-4140-B7B6-452051CE209A}
		{1A26B0DD-BC60-483B-B8AB-C26DC5EA1662} = {F31537EC-9535-4140-B7B6-452051CE209A}
		{7C9DB0D6-1F89-4B66-A036-01F820F5679F} = {F31537EC-9535-4140-B7B6-452051CE209A}
		{689364CB-7DB3-4621-B75C-CD561BC618CA} = {F31537EC-9535-4140-B7B6-452051CE209A}
		{282A795B-E5CB-490B-A662-B4FC450E2D88} = {F31537EC-9535-4140-B7B6-452051CE209A}
		{83A77C25-1E25-4243-A8BA-48FD606F2D9F} = {F31537EC-9535-4140-B7B6-452051CE209A}
		{7A3B9753-6FB6-4517-8DD9-1E24DCAF8A37} = {F31537EC-9535-4140-B7B6-452051CE209A}
		{6CD7A72F-F764-4F23-AB68-2B0B97D61D78} = {F31537EC-9535-4140-B7B6-452051CE209A}
		{45C7C7CF-3583-494C-A4F7-9FB1734C3F14} = {F31537EC-9535-4140-B7B6-452051CE209A}
		{8735C911-FB98-43C1-8041-70FED95DEF97} = {F31537EC-9535-4140-B7B6-452051CE209A}
		{7F32549A-E417-4968-ADB2-5E010A1FE1D8} = {F31537EC-9535-4140-B7B6-452051CE209A}
		{C52AC7AF-996B-4DFA-B159-B8A0CE3E1FEB} = {F31537EC-9535-4140-B7B6-452051CE209A}
		{27622AF2-D57A-41A8-A7A9-06FAE8E5C97B} = {F31537EC-9535-4140-B7B6-452051CE209A}
		{2C72EA0B-23E1-495E-B038-3DE47B6BF5E7} = {F31537EC-9535-4140-B7B6-452051CE209A}
		{6E51D035-8E24-40A3-97D7-B0DF217CA28C} = {F31537EC-9535-4140-B7B6-452051CE209A}
		{89B5340B-041A-4E8E-8FF1-A18EB38804C6} = {F31537EC-9535-4140-B7B6-452051CE209A}
		{1091115E-86EC-43C2-8D8E-4CA657A7C5A2} = {F31537EC-9535-4140-B7B6-452051CE209A}
		{63A386A9-6BBC-451B-AD77-0AAE4E877094} = {F31537EC-9535-4140-B7B6-452051CE209A}
		{3FCAD9B8-8DC5-4CC2-A0E1-948223DD94A9} = {F31537EC-9535-4140-B7B6-452051CE209A}
		{67932AC4-567F-47B2-A8D3-80B5CB3B5524} = {F31537EC-9535-4140-B7B6-452051CE209A}
		{810BD99C-5D3C-4A71-9A84-F2FFBF04D203} = {F31537EC-9535-4140-B7B6-452051CE209A}
		{2FC9A811-5765-453A-B934-C99005D8E2E5} = {F31537EC-9535-4140-B7B6-452051CE209A}
		{CD889AF3-C28B-48F9-9B57-598C904E4936} = {6D4900BE-CE9B-490E-99F4-3C512F2BEE75}
		{5566A02F-E309-4E21-B6A3-46A8A6924A9A} = {F31537EC-9535-4140-B7B6-452051CE209A}
		{35C8ADD2-646F-4D58-AF26-551BE1F336B5} = {F31537EC-9535-4140-B7B6-452051CE209A}
		{D9786B87-EF21-4110-BF5A-BD1834759E64} = {F31537EC-9535-4140-B7B6-452051CE209A}
		{CD961995-70DD-4A8E-B61F-51E3E951AECD} = {F31537EC-9535-4140-B7B6-452051CE209A}
		{DC2E859D-14CC-40BF-B2DC-DBB41424AEAC} = {6D4900BE-CE9B-490E-99F4-3C512F2BEE75}
		{FCA5D4BD-CE7C-4002-8B61-2BACF76B27E6} = {6D4900BE-CE9B-490E-99F4-3C512F2BEE75}
		{F326C54F-6D40-420A-9CCE-A59224D9DB9F} = {F31537EC-9535-4140-B7B6-452051CE209A}
		{E5929AB4-818E-4551-9596-6D7EEE24FAC0} = {F31537EC-9535-4140-B7B6-452051CE209A}
		{D7DF01CA-DC47-47A3-AC44-D9E383DCD701} = {F31537EC-9535-4140-B7B6-452051CE209A}
		{8AC4295C-7B21-4AB1-B51B-E398936759ED} = {F31537EC-9535-4140-B7B6-452051CE209A}
		{6EA4A1FD-42B8-4E3B-A18A-15A46E03F193} = {F31537EC-9535-4140-B7B6-452051CE209A}
		{16329AFE-0CB9-4A77-94DD-017A4EF894C3} = {F31537EC-9535-4140-B7B6-452051CE209A}
		{39410C8C-7BCC-491F-A015-5A7F85D59527} = {F31537EC-9535-4140-B7B6-452051CE209A}
		{4E02319A-EAF9-4099-976A-71D3D08DBA71} = {F31537EC-9535-4140-B7B6-452051CE209A}
		{FEC6085D-501D-412B-9FAF-08B20C5E6967} = {F31537EC-9535-4140-B7B6-452051CE209A}
		{A0F600A8-0C6A-492B-BEDD-B1DC80A657B5} = {F31537EC-9535-4140-B7B6-452051CE209A}
		{344A2EDD-03B0-429E-A0C0-AB38A7C099FA} = {F31537EC-9535-4140-B7B6-452051CE209A}
		{BA992127-F143-4B0E-A92F-731208A7058B} = {6D4900BE-CE9B-490E-99F4-3C512F2BEE75}
		{355F9AC4-224B-4EA7-BDFA-39300B1A0CCA} = {94A37CC9-FEBD-41DC-9A04-E5940B896B62}
	EndGlobalSection
	GlobalSection(ExtensibilityGlobals) = postSolution
		SolutionGuid = {2D0A5660-1BF0-42D6-9FC0-FA87210B9A69}
	EndGlobalSection
EndGlobal
